
Microsoft Visual Studio Solution File, Format Version 12.00
# Visual Studio Version 16
VisualStudioVersion = 16.0.32106.194
MinimumVisualStudioVersion = 10.0.40219.1
Project("{FAE04EC0-301F-11D3-BF4B-00C04F79EFBC}") = "ApiCat.Android", "ApiCat\ApiCat.Android\ApiCat.Android.csproj", "{968F6239-2029-4E93-9052-1FB5302BBE28}"
EndProject
Project("{FAE04EC0-301F-11D3-BF4B-00C04F79EFBC}") = "ApiCat", "ApiCat\ApiCat\ApiCat.csproj", "{5F92580A-44C8-4A27-9301-DE61F1BB895C}"
EndProject
Global
	GlobalSection(SolutionConfigurationPlatforms) = preSolution
		Debug|Any CPU = Debug|Any CPU
		Release|Any CPU = Release|Any CPU
	EndGlobalSection
	GlobalSection(ProjectConfigurationPlatforms) = postSolution
		{968F6239-2029-4E93-9052-1FB5302BBE28}.Debug|Any CPU.ActiveCfg = Debug|Any CPU
		{968F6239-2029-4E93-9052-1FB5302BBE28}.Debug|Any CPU.Build.0 = Debug|Any CPU
		{968F6239-2029-4E93-9052-1FB5302BBE28}.Debug|Any CPU.Deploy.0 = Debug|Any CPU
		{968F6239-2029-4E93-9052-1FB5302BBE28}.Release|Any CPU.ActiveCfg = Release|Any CPU
		{968F6239-2029-4E93-9052-1FB5302BBE28}.Release|Any CPU.Build.0 = Release|Any CPU
		{968F6239-2029-4E93-9052-1FB5302BBE28}.Release|Any CPU.Deploy.0 = Release|Any CPU
		{5F92580A-44C8-4A27-9301-DE61F1BB895C}.Debug|Any CPU.ActiveCfg = Debug|Any CPU
		{5F92580A-44C8-4A27-9301-DE61F1BB895C}.Debug|Any CPU.Build.0 = Debug|Any CPU
		{5F92580A-44C8-4A27-9301-DE61F1BB895C}.Debug|Any CPU.Deploy.0 = Debug|Any CPU
		{5F92580A-44C8-4A27-9301-DE61F1BB895C}.Release|Any CPU.ActiveCfg = Release|Any CPU
		{5F92580A-44C8-4A27-9301-DE61F1BB895C}.Release|Any CPU.Build.0 = Release|Any CPU
		{5F92580A-44C8-4A27-9301-DE61F1BB895C}.Release|Any CPU.Deploy.0 = Release|Any CPU
	EndGlobalSection
	GlobalSection(SolutionProperties) = preSolution
		HideSolutionNode = FALSE
	EndGlobalSection
	GlobalSection(ExtensibilityGlobals) = postSolution
		SolutionGuid = {DB8E00C3-763C-4378-8BD6-2DF605476FFF}
	EndGlobalSection
EndGlobal
